
Microsoft Visual Studio Solution File, Format Version 12.00
# Visual Studio Version 17
VisualStudioVersion = 17.9.34701.34
MinimumVisualStudioVersion = 10.0.40219.1
Project("{FAE04EC0-301F-11D3-BF4B-00C04F79EFBC}") = "Abstract class, Virtual, Override", "Abstract class, Virtual, Override.csproj", "{9235D61F-021A-46C8-82C5-1B89BC4ABB55}"
EndProject
Project("{2150E333-8FDC-42A3-9474-1A3956D46DE8}") = "NewFolder1", "NewFolder1", "{9295E6D2-5952-43F0-9D16-2BC6FC21BFBD}"
EndProject
Global
	GlobalSection(SolutionConfigurationPlatforms) = preSolution
		Debug|Any CPU = Debug|Any CPU
		Release|Any CPU = Release|Any CPU
	EndGlobalSection
	GlobalSection(ProjectConfigurationPlatforms) = postSolution
		{9235D61F-021A-46C8-82C5-1B89BC4ABB55}.Debug|Any CPU.ActiveCfg = Debug|Any CPU
		{9235D61F-021A-46C8-82C5-1B89BC4ABB55}.Debug|Any CPU.Build.0 = Debug|Any CPU
		{9235D61F-021A-46C8-82C5-1B89BC4ABB55}.Release|Any CPU.ActiveCfg = Release|Any CPU
		{9235D61F-021A-46C8-82C5-1B89BC4ABB55}.Release|Any CPU.Build.0 = Release|Any CPU
	EndGlobalSection
	GlobalSection(SolutionProperties) = preSolution
		HideSolutionNode = FALSE
	EndGlobalSection
	GlobalSection(ExtensibilityGlobals) = postSolution
		SolutionGuid = {D4C03C9E-1333-4907-81BA-7CBAFEEE3E22}
	EndGlobalSection
EndGlobal
